
Microsoft Visual Studio Solution File, Format Version 12.00
# Visual Studio 14
VisualStudioVersion = 14.0.23107.0
MinimumVisualStudioVersion = 10.0.40219.1
Project("{FAE04EC0-301F-11D3-BF4B-00C04F79EFBC}") = "Infrastructure", "Infrastructure\Infrastructure.csproj", "{01AAD376-2193-46FF-8D48-9E65E19C05E6}"
EndProject
Project("{FAE04EC0-301F-11D3-BF4B-00C04F79EFBC}") = "InterfaceActions", "InterfaceActions\InterfaceActions.csproj", "{ADF8E1EF-A35A-417F-921B-4A52F03785AC}"
EndProject
Project("{FAE04EC0-301F-11D3-BF4B-00C04F79EFBC}") = "Domain", "Domain\Domain.csproj", "{C70A4B46-2DD5-42B1-B24D-EABEDAB29F69}"
EndProject
Project("{FAE04EC0-301F-11D3-BF4B-00C04F79EFBC}") = "ActionImplementations", "ActionImplementations\ActionImplementations.csproj", "{8FE96CC1-3524-4E1F-B80D-A4C95C16731E}"
EndProject
Project("{FAE04EC0-301F-11D3-BF4B-00C04F79EFBC}") = "Factories", "Factories\Factories.csproj", "{60E4CDE0-89D9-472C-911A-D2E4DE2BA50A}"
EndProject
Project("{FAE04EC0-301F-11D3-BF4B-00C04F79EFBC}") = "Presentation", "Presentation\Presentation.csproj", "{C8613221-9AE4-4658-9D13-38754048FC0A}"
EndProject
Project("{FAE04EC0-301F-11D3-BF4B-00C04F79EFBC}") = "Domain.Mapping", "Domain.Mapping\Domain.Mapping.csproj", "{91BDB861-423A-4768-A75E-D5DF948C2786}"
EndProject
Project("{FAE04EC0-301F-11D3-BF4B-00C04F79EFBC}") = "Repository.Interfaces", "Repository.Interfaces\Repository.Interfaces.csproj", "{1884EB5C-B67F-485A-AC8F-83ACB03C2D0B}"
EndProject
Project("{FAE04EC0-301F-11D3-BF4B-00C04F79EFBC}") = "Repository.Implementations", "Repository.Implementations\Repository.Implementations.csproj", "{0A780622-8B36-4EA5-9DBB-1E6B18074DE9}"
EndProject
Project("{FAE04EC0-301F-11D3-BF4B-00C04F79EFBC}") = "Presentation.MVC", "Presentation.MVC\Presentation.MVC.csproj", "{D1BD2697-67DF-4BF2-8EEC-E78E545DE57F}"
EndProject
Global
	GlobalSection(SolutionConfigurationPlatforms) = preSolution
		Debug|Any CPU = Debug|Any CPU
		Release|Any CPU = Release|Any CPU
	EndGlobalSection
	GlobalSection(ProjectConfigurationPlatforms) = postSolution
		{01AAD376-2193-46FF-8D48-9E65E19C05E6}.Debug|Any CPU.ActiveCfg = Debug|Any CPU
		{01AAD376-2193-46FF-8D48-9E65E19C05E6}.Debug|Any CPU.Build.0 = Debug|Any CPU
		{01AAD376-2193-46FF-8D48-9E65E19C05E6}.Release|Any CPU.ActiveCfg = Release|Any CPU
		{01AAD376-2193-46FF-8D48-9E65E19C05E6}.Release|Any CPU.Build.0 = Release|Any CPU
		{ADF8E1EF-A35A-417F-921B-4A52F03785AC}.Debug|Any CPU.ActiveCfg = Debug|Any CPU
		{ADF8E1EF-A35A-417F-921B-4A52F03785AC}.Debug|Any CPU.Build.0 = Debug|Any CPU
		{ADF8E1EF-A35A-417F-921B-4A52F03785AC}.Release|Any CPU.ActiveCfg = Release|Any CPU
		{ADF8E1EF-A35A-417F-921B-4A52F03785AC}.Release|Any CPU.Build.0 = Release|Any CPU
		{C70A4B46-2DD5-42B1-B24D-EABEDAB29F69}.Debug|Any CPU.ActiveCfg = Debug|Any CPU
		{C70A4B46-2DD5-42B1-B24D-EABEDAB29F69}.Debug|Any CPU.Build.0 = Debug|Any CPU
		{C70A4B46-2DD5-42B1-B24D-EABEDAB29F69}.Release|Any CPU.ActiveCfg = Release|Any CPU
		{C70A4B46-2DD5-42B1-B24D-EABEDAB29F69}.Release|Any CPU.Build.0 = Release|Any CPU
		{8FE96CC1-3524-4E1F-B80D-A4C95C16731E}.Debug|Any CPU.ActiveCfg = Debug|Any CPU
		{8FE96CC1-3524-4E1F-B80D-A4C95C16731E}.Debug|Any CPU.Build.0 = Debug|Any CPU
		{8FE96CC1-3524-4E1F-B80D-A4C95C16731E}.Release|Any CPU.ActiveCfg = Release|Any CPU
		{8FE96CC1-3524-4E1F-B80D-A4C95C16731E}.Release|Any CPU.Build.0 = Release|Any CPU
		{60E4CDE0-89D9-472C-911A-D2E4DE2BA50A}.Debug|Any CPU.ActiveCfg = Debug|Any CPU
		{60E4CDE0-89D9-472C-911A-D2E4DE2BA50A}.Debug|Any CPU.Build.0 = Debug|Any CPU
		{60E4CDE0-89D9-472C-911A-D2E4DE2BA50A}.Release|Any CPU.ActiveCfg = Release|Any CPU
		{60E4CDE0-89D9-472C-911A-D2E4DE2BA50A}.Release|Any CPU.Build.0 = Release|Any CPU
		{C8613221-9AE4-4658-9D13-38754048FC0A}.Debug|Any CPU.ActiveCfg = Debug|Any CPU
		{C8613221-9AE4-4658-9D13-38754048FC0A}.Debug|Any CPU.Build.0 = Debug|Any CPU
		{C8613221-9AE4-4658-9D13-38754048FC0A}.Release|Any CPU.ActiveCfg = Release|Any CPU
		{C8613221-9AE4-4658-9D13-38754048FC0A}.Release|Any CPU.Build.0 = Release|Any CPU
		{91BDB861-423A-4768-A75E-D5DF948C2786}.Debug|Any CPU.ActiveCfg = Debug|Any CPU
		{91BDB861-423A-4768-A75E-D5DF948C2786}.Debug|Any CPU.Build.0 = Debug|Any CPU
		{91BDB861-423A-4768-A75E-D5DF948C2786}.Release|Any CPU.ActiveCfg = Release|Any CPU
		{91BDB861-423A-4768-A75E-D5DF948C2786}.Release|Any CPU.Build.0 = Release|Any CPU
		{1884EB5C-B67F-485A-AC8F-83ACB03C2D0B}.Debug|Any CPU.ActiveCfg = Debug|Any CPU
		{1884EB5C-B67F-485A-AC8F-83ACB03C2D0B}.Debug|Any CPU.Build.0 = Debug|Any CPU
		{1884EB5C-B67F-485A-AC8F-83ACB03C2D0B}.Release|Any CPU.ActiveCfg = Release|Any CPU
		{1884EB5C-B67F-485A-AC8F-83ACB03C2D0B}.Release|Any CPU.Build.0 = Release|Any CPU
		{0A780622-8B36-4EA5-9DBB-1E6B18074DE9}.Debug|Any CPU.ActiveCfg = Debug|Any CPU
		{0A780622-8B36-4EA5-9DBB-1E6B18074DE9}.Debug|Any CPU.Build.0 = Debug|Any CPU
		{0A780622-8B36-4EA5-9DBB-1E6B18074DE9}.Release|Any CPU.ActiveCfg = Release|Any CPU
		{0A780622-8B36-4EA5-9DBB-1E6B18074DE9}.Release|Any CPU.Build.0 = Release|Any CPU
		{D1BD2697-67DF-4BF2-8EEC-E78E545DE57F}.Debug|Any CPU.ActiveCfg = Debug|Any CPU
		{D1BD2697-67DF-4BF2-8EEC-E78E545DE57F}.Debug|Any CPU.Build.0 = Debug|Any CPU
		{D1BD2697-67DF-4BF2-8EEC-E78E545DE57F}.Release|Any CPU.ActiveCfg = Release|Any CPU
		{D1BD2697-67DF-4BF2-8EEC-E78E545DE57F}.Release|Any CPU.Build.0 = Release|Any CPU
	EndGlobalSection
	GlobalSection(SolutionProperties) = preSolution
		HideSolutionNode = FALSE
	EndGlobalSection
EndGlobal
