
Microsoft Visual Studio Solution File, Format Version 12.00
# Visual Studio 15
VisualStudioVersion = 15.0.26430.14
MinimumVisualStudioVersion = 10.0.40219.1
Project("{FAE04EC0-301F-11D3-BF4B-00C04F79EFBC}") = "covariant", "covariant\covariant.csproj", "{952AF4DE-EB73-4E70-9720-4018C47630EE}"
EndProject
Project("{FAE04EC0-301F-11D3-BF4B-00C04F79EFBC}") = "UnitTestProject1", "UnitTestProject1\UnitTestProject1.csproj", "{077EC56D-84B2-4C7A-8347-CDFCDDED2129}"
EndProject
Global
	GlobalSection(SolutionConfigurationPlatforms) = preSolution
		Debug|Any CPU = Debug|Any CPU
		Release|Any CPU = Release|Any CPU
	EndGlobalSection
	GlobalSection(ProjectConfigurationPlatforms) = postSolution
		{952AF4DE-EB73-4E70-9720-4018C47630EE}.Debug|Any CPU.ActiveCfg = Debug|Any CPU
		{952AF4DE-EB73-4E70-9720-4018C47630EE}.Debug|Any CPU.Build.0 = Debug|Any CPU
		{952AF4DE-EB73-4E70-9720-4018C47630EE}.Release|Any CPU.ActiveCfg = Release|Any CPU
		{952AF4DE-EB73-4E70-9720-4018C47630EE}.Release|Any CPU.Build.0 = Release|Any CPU
		{077EC56D-84B2-4C7A-8347-CDFCDDED2129}.Debug|Any CPU.ActiveCfg = Debug|Any CPU
		{077EC56D-84B2-4C7A-8347-CDFCDDED2129}.Debug|Any CPU.Build.0 = Debug|Any CPU
		{077EC56D-84B2-4C7A-8347-CDFCDDED2129}.Release|Any CPU.ActiveCfg = Release|Any CPU
		{077EC56D-84B2-4C7A-8347-CDFCDDED2129}.Release|Any CPU.Build.0 = Release|Any CPU
	EndGlobalSection
	GlobalSection(SolutionProperties) = preSolution
		HideSolutionNode = FALSE
	EndGlobalSection
EndGlobal
